// !$*UTF8*$!
{
	archiveVersion = 1;
	classes = {
	};
	objectVersion = 50;
	objects = {

/* Begin PBXBuildFile section */
		5CC0F7062117C0B0005D6ABE /* AppDelegate.swift in Sources */ = {isa = PBXBuildFile; fileRef = 5CC0F7052117C0B0005D6ABE /* AppDelegate.swift */; };
		5CC0F70B2117C0B0005D6ABE /* Main.storyboard in Resources */ = {isa = PBXBuildFile; fileRef = 5CC0F7092117C0B0005D6ABE /* Main.storyboard */; };
		5CC0F70D2117C0B1005D6ABE /* Assets.xcassets in Resources */ = {isa = PBXBuildFile; fileRef = 5CC0F70C2117C0B1005D6ABE /* Assets.xcassets */; };
		5CC0F7102117C0B1005D6ABE /* LaunchScreen.storyboard in Resources */ = {isa = PBXBuildFile; fileRef = 5CC0F70E2117C0B1005D6ABE /* LaunchScreen.storyboard */; };
/* End PBXBuildFile section */

/* Begin PBXContainerItemProxy section */
		5CC0F7172117C0B1005D6ABE /* PBXContainerItemProxy */ = {
			isa = PBXContainerItemProxy;
			containerPortal = 5CC0F6FA2117C0B0005D6ABE /* Project object */;
			proxyType = 1;
			remoteGlobalIDString = 5CC0F7012117C0B0005D6ABE;
			remoteInfo = WhatsToday;
		};
/* End PBXContainerItemProxy section */

/* Begin PBXFileReference section */
		5CC0F7022117C0B0005D6ABE /* WhatsToday.app */ = {isa = PBXFileReference; explicitFileType = wrapper.application; includeInIndex = 0; path = WhatsToday.app; sourceTree = BUILT_PRODUCTS_DIR; };
		5CC0F7052117C0B0005D6ABE /* AppDelegate.swift */ = {isa = PBXFileReference; lastKnownFileType = sourcecode.swift; path = AppDelegate.swift; sourceTree = "<group>"; };
		5CC0F70A2117C0B0005D6ABE /* Base */ = {isa = PBXFileReference; lastKnownFileType = file.storyboard; name = Base; path = Base.lproj/Main.storyboard; sourceTree = "<group>"; };
		5CC0F70C2117C0B1005D6ABE /* Assets.xcassets */ = {isa = PBXFileReference; lastKnownFileType = folder.assetcatalog; path = Assets.xcassets; sourceTree = "<group>"; };
		5CC0F70F2117C0B1005D6ABE /* Base */ = {isa = PBXFileReference; lastKnownFileType = file.storyboard; name = Base; path = Base.lproj/LaunchScreen.storyboard; sourceTree = "<group>"; };
		5CC0F7112117C0B1005D6ABE /* Info.plist */ = {isa = PBXFileReference; lastKnownFileType = text.plist.xml; path = Info.plist; sourceTree = "<group>"; };
		5CC0F7162117C0B1005D6ABE /* WhatsTodayTests.xctest */ = {isa = PBXFileReference; explicitFileType = wrapper.cfbundle; includeInIndex = 0; path = WhatsTodayTests.xctest; sourceTree = BUILT_PRODUCTS_DIR; };
		5CC0F71C2117C0B1005D6ABE /* Info.plist */ = {isa = PBXFileReference; lastKnownFileType = text.plist.xml; path = Info.plist; sourceTree = "<group>"; };
/* End PBXFileReference section */

/* Begin PBXFrameworksBuildPhase section */
		5CC0F6FF2117C0B0005D6ABE /* Frameworks */ = {
			isa = PBXFrameworksBuildPhase;
			buildActionMask = 2147483647;
			files = (
			);
			runOnlyForDeploymentPostprocessing = 0;
		};
		5CC0F7132117C0B1005D6ABE /* Frameworks */ = {
			isa = PBXFrameworksBuildPhase;
			buildActionMask = 2147483647;
			files = (
			);
			runOnlyForDeploymentPostprocessing = 0;
		};
/* End PBXFrameworksBuildPhase section */

/* Begin PBXGroup section */
		5CC0F6F92117C0B0005D6ABE = {
			isa = PBXGroup;
			children = (
				5CC0F7042117C0B0005D6ABE /* WhatsToday */,
				5CC0F7192117C0B1005D6ABE /* WhatsTodayTests */,
				5CC0F7032117C0B0005D6ABE /* Products */,
			);
			sourceTree = "<group>";
		};
		5CC0F7032117C0B0005D6ABE /* Products */ = {
			isa = PBXGroup;
			children = (
				5CC0F7022117C0B0005D6ABE /* WhatsToday.app */,
				5CC0F7162117C0B1005D6ABE /* WhatsTodayTests.xctest */,
			);
			name = Products;
			sourceTree = "<group>";
		};
		5CC0F7042117C0B0005D6ABE /* WhatsToday */ = {
			isa = PBXGroup;
			children = (
				5CC0F7282117C163005D6ABE /* Views */,
				5CC0F7272117C15E005D6ABE /* Models */,
				5CC0F7262117C157005D6ABE /* Controllers */,
				5CC0F7252117C0D8005D6ABE /* CoreApp */,
			);
			path = WhatsToday;
			sourceTree = "<group>";
		};
		5CC0F7192117C0B1005D6ABE /* WhatsTodayTests */ = {
			isa = PBXGroup;
			children = (
				5CC0F71C2117C0B1005D6ABE /* Info.plist */,
			);
			path = WhatsTodayTests;
			sourceTree = "<group>";
		};
		5CC0F7252117C0D8005D6ABE /* CoreApp */ = {
			isa = PBXGroup;
			children = (
				5CC0F7052117C0B0005D6ABE /* AppDelegate.swift */,
				5CC0F7092117C0B0005D6ABE /* Main.storyboard */,
				5CC0F70C2117C0B1005D6ABE /* Assets.xcassets */,
				5CC0F70E2117C0B1005D6ABE /* LaunchScreen.storyboard */,
				5CC0F7112117C0B1005D6ABE /* Info.plist */,
			);
			path = CoreApp;
			sourceTree = "<group>";
		};
		5CC0F7262117C157005D6ABE /* Controllers */ = {
			isa = PBXGroup;
			children = (
			);
			path = Controllers;
			sourceTree = "<group>";
		};
		5CC0F7272117C15E005D6ABE /* Models */ = {
			isa = PBXGroup;
			children = (
			);
			path = Models;
			sourceTree = "<group>";
		};
		5CC0F7282117C163005D6ABE /* Views */ = {
			isa = PBXGroup;
			children = (
			);
			path = Views;
			sourceTree = "<group>";
		};
/* End PBXGroup section */

/* Begin PBXNativeTarget section */
		5CC0F7012117C0B0005D6ABE /* WhatsToday */ = {
			isa = PBXNativeTarget;
			buildConfigurationList = 5CC0F71F2117C0B1005D6ABE /* Build configuration list for PBXNativeTarget "WhatsToday" */;
			buildPhases = (
				5CC0F6FE2117C0B0005D6ABE /* Sources */,
				5CC0F6FF2117C0B0005D6ABE /* Frameworks */,
				5CC0F7002117C0B0005D6ABE /* Resources */,
			);
			buildRules = (
			);
			dependencies = (
			);
			name = WhatsToday;
			productName = WhatsToday;
			productReference = 5CC0F7022117C0B0005D6ABE /* WhatsToday.app */;
			productType = "com.apple.product-type.application";
		};
		5CC0F7152117C0B1005D6ABE /* WhatsTodayTests */ = {
			isa = PBXNativeTarget;
			buildConfigurationList = 5CC0F7222117C0B1005D6ABE /* Build configuration list for PBXNativeTarget "WhatsTodayTests" */;
			buildPhases = (
				5CC0F7122117C0B1005D6ABE /* Sources */,
				5CC0F7132117C0B1005D6ABE /* Frameworks */,
				5CC0F7142117C0B1005D6ABE /* Resources */,
			);
			buildRules = (
			);
			dependencies = (
				5CC0F7182117C0B1005D6ABE /* PBXTargetDependency */,
			);
			name = WhatsTodayTests;
			productName = WhatsTodayTests;
			productReference = 5CC0F7162117C0B1005D6ABE /* WhatsTodayTests.xctest */;
			productType = "com.apple.product-type.bundle.unit-test";
		};
/* End PBXNativeTarget section */

/* Begin PBXProject section */
		5CC0F6FA2117C0B0005D6ABE /* Project object */ = {
			isa = PBXProject;
			attributes = {
				LastSwiftUpdateCheck = 0940;
				LastUpgradeCheck = 0940;
				ORGANIZATIONNAME = "Joseph Van Boxtel";
				TargetAttributes = {
					5CC0F7012117C0B0005D6ABE = {
						CreatedOnToolsVersion = 9.4.1;
					};
					5CC0F7152117C0B1005D6ABE = {
						CreatedOnToolsVersion = 9.4.1;
						TestTargetID = 5CC0F7012117C0B0005D6ABE;
					};
				};
			};
			buildConfigurationList = 5CC0F6FD2117C0B0005D6ABE /* Build configuration list for PBXProject "WhatsToday" */;
			compatibilityVersion = "Xcode 9.3";
			developmentRegion = en;
			hasScannedForEncodings = 0;
			knownRegions = (
				en,
				Base,
			);
			mainGroup = 5CC0F6F92117C0B0005D6ABE;
			productRefGroup = 5CC0F7032117C0B0005D6ABE /* Products */;
			projectDirPath = "";
			projectRoot = "";
			targets = (
				5CC0F7012117C0B0005D6ABE /* WhatsToday */,
				5CC0F7152117C0B1005D6ABE /* WhatsTodayTests */,
			);
		};
/* End PBXProject section */

/* Begin PBXResourcesBuildPhase section */
		5CC0F7002117C0B0005D6ABE /* Resources */ = {
			isa = PBXResourcesBuildPhase;
			buildActionMask = 2147483647;
			files = (
				5CC0F7102117C0B1005D6ABE /* LaunchScreen.storyboard in Resources */,
				5CC0F70D2117C0B1005D6ABE /* Assets.xcassets in Resources */,
				5CC0F70B2117C0B0005D6ABE /* Main.storyboard in Resources */,
			);
			runOnlyForDeploymentPostprocessing = 0;
		};
		5CC0F7142117C0B1005D6ABE /* Resources */ = {
			isa = PBXResourcesBuildPhase;
			buildActionMask = 2147483647;
			files = (
			);
			runOnlyForDeploymentPostprocessing = 0;
		};
/* End PBXResourcesBuildPhase section */

/* Begin PBXSourcesBuildPhase section */
		5CC0F6FE2117C0B0005D6ABE /* Sources */ = {
			isa = PBXSourcesBuildPhase;
			buildActionMask = 2147483647;
			files = (
				5CC0F7062117C0B0005D6ABE /* AppDelegate.swift in Sources */,
			);
			runOnlyForDeploymentPostprocessing = 0;
		};
		5CC0F7122117C0B1005D6ABE /* Sources */ = {
			isa = PBXSourcesBuildPhase;
			buildActionMask = 2147483647;
			files = (
			);
			runOnlyForDeploymentPostprocessing = 0;
		};
/* End PBXSourcesBuildPhase section */

/* Begin PBXTargetDependency section */
		5CC0F7182117C0B1005D6ABE /* PBXTargetDependency */ = {
			isa = PBXTargetDependency;
			target = 5CC0F7012117C0B0005D6ABE /* WhatsToday */;
			targetProxy = 5CC0F7172117C0B1005D6ABE /* PBXContainerItemProxy */;
		};
/* End PBXTargetDependency section */

/* Begin PBXVariantGroup section */
		5CC0F7092117C0B0005D6ABE /* Main.storyboard */ = {
			isa = PBXVariantGroup;
			children = (
				5CC0F70A2117C0B0005D6ABE /* Base */,
			);
			name = Main.storyboard;
			sourceTree = "<group>";
		};
		5CC0F70E2117C0B1005D6ABE /* LaunchScreen.storyboard */ = {
			isa = PBXVariantGroup;
			children = (
				5CC0F70F2117C0B1005D6ABE /* Base */,
			);
			name = LaunchScreen.storyboard;
			sourceTree = "<group>";
		};
/* End PBXVariantGroup section */

/* Begin XCBuildConfiguration section */
		5CC0F71D2117C0B1005D6ABE /* Debug */ = {
			isa = XCBuildConfiguration;
			buildSettings = {
				ALWAYS_SEARCH_USER_PATHS = NO;
				CLANG_ANALYZER_NONNULL = YES;
				CLANG_ANALYZER_NUMBER_OBJECT_CONVERSION = YES_AGGRESSIVE;
				CLANG_CXX_LANGUAGE_STANDARD = "gnu++14";
				CLANG_CXX_LIBRARY = "libc++";
				CLANG_ENABLE_MODULES = YES;
				CLANG_ENABLE_OBJC_ARC = YES;
				CLANG_ENABLE_OBJC_WEAK = YES;
				CLANG_WARN_BLOCK_CAPTURE_AUTORELEASING = YES;
				CLANG_WARN_BOOL_CONVERSION = YES;
				CLANG_WARN_COMMA = YES;
				CLANG_WARN_CONSTANT_CONVERSION = YES;
				CLANG_WARN_DEPRECATED_OBJC_IMPLEMENTATIONS = YES;
				CLANG_WARN_DIRECT_OBJC_ISA_USAGE = YES_ERROR;
				CLANG_WARN_DOCUMENTATION_COMMENTS = YES;
				CLANG_WARN_EMPTY_BODY = YES;
				CLANG_WARN_ENUM_CONVERSION = YES;
				CLANG_WARN_INFINITE_RECURSION = YES;
				CLANG_WARN_INT_CONVERSION = YES;
				CLANG_WARN_NON_LITERAL_NULL_CONVERSION = YES;
				CLANG_WARN_OBJC_IMPLICIT_RETAIN_SELF = YES;
				CLANG_WARN_OBJC_LITERAL_CONVERSION = YES;
				CLANG_WARN_OBJC_ROOT_CLASS = YES_ERROR;
				CLANG_WARN_RANGE_LOOP_ANALYSIS = YES;
				CLANG_WARN_STRICT_PROTOTYPES = YES;
				CLANG_WARN_SUSPICIOUS_MOVE = YES;
				CLANG_WARN_UNGUARDED_AVAILABILITY = YES_AGGRESSIVE;
				CLANG_WARN_UNREACHABLE_CODE = YES;
				CLANG_WARN__DUPLICATE_METHOD_MATCH = YES;
				CODE_SIGN_IDENTITY = "iPhone Developer";
				COPY_PHASE_STRIP = NO;
				DEBUG_INFORMATION_FORMAT = dwarf;
				ENABLE_STRICT_OBJC_MSGSEND = YES;
				ENABLE_TESTABILITY = YES;
				GCC_C_LANGUAGE_STANDARD = gnu11;
				GCC_DYNAMIC_NO_PIC = NO;
				GCC_NO_COMMON_BLOCKS = YES;
				GCC_OPTIMIZATION_LEVEL = 0;
				GCC_PREPROCESSOR_DEFINITIONS = (
					"DEBUG=1",
					"$(inherited)",
				);
				GCC_WARN_64_TO_32_BIT_CONVERSION = YES;
				GCC_WARN_ABOUT_RETURN_TYPE = YES_ERROR;
				GCC_WARN_UNDECLARED_SELECTOR = YES;
				GCC_WARN_UNINITIALIZED_AUTOS = YES_AGGRESSIVE;
				GCC_WARN_UNUSED_FUNCTION = YES;
				GCC_WARN_UNUSED_VARIABLE = YES;
				IPHONEOS_DEPLOYMENT_TARGET = 11.4;
				MTL_ENABLE_DEBUG_INFO = YES;
				ONLY_ACTIVE_ARCH = YES;
				SDKROOT = iphoneos;
				SWIFT_ACTIVE_COMPILATION_CONDITIONS = DEBUG;
				SWIFT_OPTIMIZATION_LEVEL = "-Onone";
			};
			name = Debug;
		};
		5CC0F71E2117C0B1005D6ABE /* Release */ = {
			isa = XCBuildConfiguration;
			buildSettings = {
				ALWAYS_SEARCH_USER_PATHS = NO;
				CLANG_ANALYZER_NONNULL = YES;
				CLANG_ANALYZER_NUMBER_OBJECT_CONVERSION = YES_AGGRESSIVE;
				CLANG_CXX_LANGUAGE_STANDARD = "gnu++14";
				CLANG_CXX_LIBRARY = "libc++";
				CLANG_ENABLE_MODULES = YES;
				CLANG_ENABLE_OBJC_ARC = YES;
				CLANG_ENABLE_OBJC_WEAK = YES;
				CLANG_WARN_BLOCK_CAPTURE_AUTORELEASING = YES;
				CLANG_WARN_BOOL_CONVERSION = YES;
				CLANG_WARN_COMMA = YES;
				CLANG_WARN_CONSTANT_CONVERSION = YES;
				CLANG_WARN_DEPRECATED_OBJC_IMPLEMENTATIONS = YES;
				CLANG_WARN_DIRECT_OBJC_ISA_USAGE = YES_ERROR;
				CLANG_WARN_DOCUMENTATION_COMMENTS = YES;
				CLANG_WARN_EMPTY_BODY = YES;
				CLANG_WARN_ENUM_CONVERSION = YES;
				CLANG_WARN_INFINITE_RECURSION = YES;
				CLANG_WARN_INT_CONVERSION = YES;
				CLANG_WARN_NON_LITERAL_NULL_CONVERSION = YES;
				CLANG_WARN_OBJC_IMPLICIT_RETAIN_SELF = YES;
				CLANG_WARN_OBJC_LITERAL_CONVERSION = YES;
				CLANG_WARN_OBJC_ROOT_CLASS = YES_ERROR;
				CLANG_WARN_RANGE_LOOP_ANALYSIS = YES;
				CLANG_WARN_STRICT_PROTOTYPES = YES;
				CLANG_WARN_SUSPICIOUS_MOVE = YES;
				CLANG_WARN_UNGUARDED_AVAILABILITY = YES_AGGRESSIVE;
				CLANG_WARN_UNREACHABLE_CODE = YES;
				CLANG_WARN__DUPLICATE_METHOD_MATCH = YES;
				CODE_SIGN_IDENTITY = "iPhone Developer";
				COPY_PHASE_STRIP = NO;
				DEBUG_INFORMATION_FORMAT = "dwarf-with-dsym";
				ENABLE_NS_ASSERTIONS = NO;
				ENABLE_STRICT_OBJC_MSGSEND = YES;
				GCC_C_LANGUAGE_STANDARD = gnu11;
				GCC_NO_COMMON_BLOCKS = YES;
				GCC_WARN_64_TO_32_BIT_CONVERSION = YES;
				GCC_WARN_ABOUT_RETURN_TYPE = YES_ERROR;
				GCC_WARN_UNDECLARED_SELECTOR = YES;
				GCC_WARN_UNINITIALIZED_AUTOS = YES_AGGRESSIVE;
				GCC_WARN_UNUSED_FUNCTION = YES;
				GCC_WARN_UNUSED_VARIABLE = YES;
				IPHONEOS_DEPLOYMENT_TARGET = 11.4;
				MTL_ENABLE_DEBUG_INFO = NO;
				SDKROOT = iphoneos;
				SWIFT_COMPILATION_MODE = wholemodule;
				SWIFT_OPTIMIZATION_LEVEL = "-O";
				VALIDATE_PRODUCT = YES;
			};
			name = Release;
		};
		5CC0F7202117C0B1005D6ABE /* Debug */ = {
			isa = XCBuildConfiguration;
			buildSettings = {
				ASSETCATALOG_COMPILER_APPICON_NAME = AppIcon;
				CODE_SIGN_STYLE = Automatic;
				INFOPLIST_FILE = "$(SRCROOT)/WhatsToday/CoreApp/Info.plist";
				LD_RUNPATH_SEARCH_PATHS = (
					"$(inherited)",
					"@executable_path/Frameworks",
				);
				PRODUCT_BUNDLE_IDENTIFIER = josephvb.WhatsToday;
				PRODUCT_NAME = "$(TARGET_NAME)";
				SWIFT_VERSION = 4.0;
				TARGETED_DEVICE_FAMILY = "1,2";
			};
			name = Debug;
		};
		5CC0F7212117C0B1005D6ABE /* Release */ = {
			isa = XCBuildConfiguration;
			buildSettings = {
				ASSETCATALOG_COMPILER_APPICON_NAME = AppIcon;
				CODE_SIGN_STYLE = Automatic;
				INFOPLIST_FILE = "$(SRCROOT)/WhatsToday/CoreApp/Info.plist";
				LD_RUNPATH_SEARCH_PATHS = (
					"$(inherited)",
					"@executable_path/Frameworks",
				);
				PRODUCT_BUNDLE_IDENTIFIER = josephvb.WhatsToday;
				PRODUCT_NAME = "$(TARGET_NAME)";
				SWIFT_VERSION = 4.0;
				TARGETED_DEVICE_FAMILY = "1,2";
			};
			name = Release;
		};
		5CC0F7232117C0B1005D6ABE /* Debug */ = {
			isa = XCBuildConfiguration;
			buildSettings = {
				ALWAYS_EMBED_SWIFT_STANDARD_LIBRARIES = YES;
				BUNDLE_LOADER = "$(TEST_HOST)";
				CODE_SIGN_STYLE = Automatic;
				INFOPLIST_FILE = WhatsTodayTests/Info.plist;
				LD_RUNPATH_SEARCH_PATHS = (
					"$(inherited)",
					"@executable_path/Frameworks",
					"@loader_path/Frameworks",
				);
				PRODUCT_BUNDLE_IDENTIFIER = josephvb.WhatsTodayTests;
				PRODUCT_NAME = "$(TARGET_NAME)";
				SWIFT_VERSION = 4.0;
				TARGETED_DEVICE_FAMILY = "1,2";
				TEST_HOST = "$(BUILT_PRODUCTS_DIR)/WhatsToday.app/WhatsToday";
			};
			name = Debug;
		};
		5CC0F7242117C0B1005D6ABE /* Release */ = {
			isa = XCBuildConfiguration;
			buildSettings = {
				ALWAYS_EMBED_SWIFT_STANDARD_LIBRARIES = YES;
				BUNDLE_LOADER = "$(TEST_HOST)";
				CODE_SIGN_STYLE = Automatic;
				INFOPLIST_FILE = WhatsTodayTests/Info.plist;
				LD_RUNPATH_SEARCH_PATHS = (
					"$(inherited)",
					"@executable_path/Frameworks",
					"@loader_path/Frameworks",
				);
				PRODUCT_BUNDLE_IDENTIFIER = josephvb.WhatsTodayTests;
				PRODUCT_NAME = "$(TARGET_NAME)";
				SWIFT_VERSION = 4.0;
				TARGETED_DEVICE_FAMILY = "1,2";
				TEST_HOST = "$(BUILT_PRODUCTS_DIR)/WhatsToday.app/WhatsToday";
			};
			name = Release;
		};
/* End XCBuildConfiguration section */

/* Begin XCConfigurationList section */
		5CC0F6FD2117C0B0005D6ABE /* Build configuration list for PBXProject "WhatsToday" */ = {
			isa = XCConfigurationList;
			buildConfigurations = (
				5CC0F71D2117C0B1005D6ABE /* Debug */,
				5CC0F71E2117C0B1005D6ABE /* Release */,
			);
			defaultConfigurationIsVisible = 0;
			defaultConfigurationName = Release;
		};
		5CC0F71F2117C0B1005D6ABE /* Build configuration list for PBXNativeTarget "WhatsToday" */ = {
			isa = XCConfigurationList;
			buildConfigurations = (
				5CC0F7202117C0B1005D6ABE /* Debug */,
				5CC0F7212117C0B1005D6ABE /* Release */,
			);
			defaultConfigurationIsVisible = 0;
			defaultConfigurationName = Release;
		};
		5CC0F7222117C0B1005D6ABE /* Build configuration list for PBXNativeTarget "WhatsTodayTests" */ = {
			isa = XCConfigurationList;
			buildConfigurations = (
				5CC0F7232117C0B1005D6ABE /* Debug */,
				5CC0F7242117C0B1005D6ABE /* Release */,
			);
			defaultConfigurationIsVisible = 0;
			defaultConfigurationName = Release;
		};
/* End XCConfigurationList section */
	};
	rootObject = 5CC0F6FA2117C0B0005D6ABE /* Project object */;
}
